
Microsoft Visual Studio Solution File, Format Version 12.00
# Visual Studio Version 16
VisualStudioVersion = 16.0.30114.105
MinimumVisualStudioVersion = 10.0.40219.1
Project("{2150E333-8FDC-42A3-9474-1A3956D46DE8}") = "Device", "Device", "{135870F2-EF89-43C3-ABEA-D1054D7487CD}"
EndProject
Project("{2150E333-8FDC-42A3-9474-1A3956D46DE8}") = "UI", "UI", "{964D7F11-636A-4396-854C-F295ADB2691D}"
EndProject
Project("{2150E333-8FDC-42A3-9474-1A3956D46DE8}") = "Data", "Data", "{D0901742-B1EE-42EE-8BB8-AEFB127207DB}"
EndProject
Project("{9A19103F-16F7-4668-BE54-9A1E7A4F7556}") = "Arrma.Logger", "Data\Arrma.Logger\Arrma.Logger.csproj", "{2AFA4712-BBC1-4993-AC11-547F9EBCF4DD}"
EndProject
Project("{2150E333-8FDC-42A3-9474-1A3956D46DE8}") = "Test", "Test", "{68A0535C-DE4F-45C0-A8FC-30727F13D478}"
EndProject
Project("{9A19103F-16F7-4668-BE54-9A1E7A4F7556}") = "Arrma.Device.Interfaces", "Device\Arrma.Device.Interfaces\Arrma.Device.Interfaces.csproj", "{CBE7D14C-60C5-43CF-8D15-236ECA2B28D8}"
EndProject
Project("{9A19103F-16F7-4668-BE54-9A1E7A4F7556}") = "Arrma.Device", "Device\Arrma.Device\Arrma.Device.csproj", "{F5729984-C2AF-4CF6-BBDC-B6D16287CE64}"
EndProject
Project("{9A19103F-16F7-4668-BE54-9A1E7A4F7556}") = "Arrma.Device.Basic", "Device\Arrma.Device.Basic\Arrma.Device.Basic.csproj", "{0AE127AD-D890-470D-9BC3-3ED8C9A15EC3}"
EndProject
Project("{9A19103F-16F7-4668-BE54-9A1E7A4F7556}") = "Arrma.Device.Core", "Device\Arrma.Device.Core\Arrma.Device.Core.csproj", "{7C3A39A8-A479-4517-B126-72F9E01EC7F1}"
EndProject
Project("{9A19103F-16F7-4668-BE54-9A1E7A4F7556}") = "Arrma.Device.Util", "Device\Arrma.Device.Util\Arrma.Device.Util.csproj", "{67EE4D20-B842-47ED-9AB4-AA7C3A446AED}"
EndProject
Project("{FAE04EC0-301F-11D3-BF4B-00C04F79EFBC}") = "Arrma.Test.ConsoleIO", "Test\Arrma.Test.ConsoleIO\Arrma.Test.ConsoleIO.csproj", "{B2B85094-1738-4085-BA19-F516EEDFF01E}"
EndProject
Project("{FAE04EC0-301F-11D3-BF4B-00C04F79EFBC}") = "Arrma.Wc.Ui.Wpf", "UI\Arrma.Wc.Ui.Wpf\Arrma.Wc.Ui.Wpf.csproj", "{B63878E3-3042-4E53-94AA-51765DCE8987}"
EndProject
Project("{FAE04EC0-301F-11D3-BF4B-00C04F79EFBC}") = "Arrma.Device.Enum", "Device\Arrma.Device.Enum\Arrma.Device.Enum.csproj", "{161C66EF-EE8E-4C56-BFA4-CEBC5B6B6EF8}"
EndProject
Project("{FAE04EC0-301F-11D3-BF4B-00C04F79EFBC}") = "Arrma.Test.TeleofisRx", "Test\Arrma.Test.TeleofisRx\Arrma.Test.TeleofisRx.csproj", "{F3266E4F-9C79-451A-AABE-C75212463E2F}"
EndProject
Global
	GlobalSection(SolutionConfigurationPlatforms) = preSolution
		Debug|Any CPU = Debug|Any CPU
		Debug|x64 = Debug|x64
		Debug|x86 = Debug|x86
		Release|Any CPU = Release|Any CPU
		Release|x64 = Release|x64
		Release|x86 = Release|x86
	EndGlobalSection
	GlobalSection(ProjectConfigurationPlatforms) = postSolution
		{2AFA4712-BBC1-4993-AC11-547F9EBCF4DD}.Debug|Any CPU.ActiveCfg = Debug|Any CPU
		{2AFA4712-BBC1-4993-AC11-547F9EBCF4DD}.Debug|Any CPU.Build.0 = Debug|Any CPU
		{2AFA4712-BBC1-4993-AC11-547F9EBCF4DD}.Debug|x64.ActiveCfg = Debug|Any CPU
		{2AFA4712-BBC1-4993-AC11-547F9EBCF4DD}.Debug|x64.Build.0 = Debug|Any CPU
		{2AFA4712-BBC1-4993-AC11-547F9EBCF4DD}.Debug|x86.ActiveCfg = Debug|Any CPU
		{2AFA4712-BBC1-4993-AC11-547F9EBCF4DD}.Debug|x86.Build.0 = Debug|Any CPU
		{2AFA4712-BBC1-4993-AC11-547F9EBCF4DD}.Release|Any CPU.ActiveCfg = Release|Any CPU
		{2AFA4712-BBC1-4993-AC11-547F9EBCF4DD}.Release|Any CPU.Build.0 = Release|Any CPU
		{2AFA4712-BBC1-4993-AC11-547F9EBCF4DD}.Release|x64.ActiveCfg = Release|Any CPU
		{2AFA4712-BBC1-4993-AC11-547F9EBCF4DD}.Release|x64.Build.0 = Release|Any CPU
		{2AFA4712-BBC1-4993-AC11-547F9EBCF4DD}.Release|x86.ActiveCfg = Release|Any CPU
		{2AFA4712-BBC1-4993-AC11-547F9EBCF4DD}.Release|x86.Build.0 = Release|Any CPU
		{CBE7D14C-60C5-43CF-8D15-236ECA2B28D8}.Debug|Any CPU.ActiveCfg = Debug|Any CPU
		{CBE7D14C-60C5-43CF-8D15-236ECA2B28D8}.Debug|Any CPU.Build.0 = Debug|Any CPU
		{CBE7D14C-60C5-43CF-8D15-236ECA2B28D8}.Debug|x64.ActiveCfg = Debug|Any CPU
		{CBE7D14C-60C5-43CF-8D15-236ECA2B28D8}.Debug|x64.Build.0 = Debug|Any CPU
		{CBE7D14C-60C5-43CF-8D15-236ECA2B28D8}.Debug|x86.ActiveCfg = Debug|Any CPU
		{CBE7D14C-60C5-43CF-8D15-236ECA2B28D8}.Debug|x86.Build.0 = Debug|Any CPU
		{CBE7D14C-60C5-43CF-8D15-236ECA2B28D8}.Release|Any CPU.ActiveCfg = Release|Any CPU
		{CBE7D14C-60C5-43CF-8D15-236ECA2B28D8}.Release|Any CPU.Build.0 = Release|Any CPU
		{CBE7D14C-60C5-43CF-8D15-236ECA2B28D8}.Release|x64.ActiveCfg = Release|Any CPU
		{CBE7D14C-60C5-43CF-8D15-236ECA2B28D8}.Release|x64.Build.0 = Release|Any CPU
		{CBE7D14C-60C5-43CF-8D15-236ECA2B28D8}.Release|x86.ActiveCfg = Release|Any CPU
		{CBE7D14C-60C5-43CF-8D15-236ECA2B28D8}.Release|x86.Build.0 = Release|Any CPU
		{F5729984-C2AF-4CF6-BBDC-B6D16287CE64}.Debug|Any CPU.ActiveCfg = Debug|Any CPU
		{F5729984-C2AF-4CF6-BBDC-B6D16287CE64}.Debug|Any CPU.Build.0 = Debug|Any CPU
		{F5729984-C2AF-4CF6-BBDC-B6D16287CE64}.Debug|x64.ActiveCfg = Debug|Any CPU
		{F5729984-C2AF-4CF6-BBDC-B6D16287CE64}.Debug|x64.Build.0 = Debug|Any CPU
		{F5729984-C2AF-4CF6-BBDC-B6D16287CE64}.Debug|x86.ActiveCfg = Debug|Any CPU
		{F5729984-C2AF-4CF6-BBDC-B6D16287CE64}.Debug|x86.Build.0 = Debug|Any CPU
		{F5729984-C2AF-4CF6-BBDC-B6D16287CE64}.Release|Any CPU.ActiveCfg = Release|Any CPU
		{F5729984-C2AF-4CF6-BBDC-B6D16287CE64}.Release|Any CPU.Build.0 = Release|Any CPU
		{F5729984-C2AF-4CF6-BBDC-B6D16287CE64}.Release|x64.ActiveCfg = Release|Any CPU
		{F5729984-C2AF-4CF6-BBDC-B6D16287CE64}.Release|x64.Build.0 = Release|Any CPU
		{F5729984-C2AF-4CF6-BBDC-B6D16287CE64}.Release|x86.ActiveCfg = Release|Any CPU
		{F5729984-C2AF-4CF6-BBDC-B6D16287CE64}.Release|x86.Build.0 = Release|Any CPU
		{0AE127AD-D890-470D-9BC3-3ED8C9A15EC3}.Debug|Any CPU.ActiveCfg = Debug|Any CPU
		{0AE127AD-D890-470D-9BC3-3ED8C9A15EC3}.Debug|Any CPU.Build.0 = Debug|Any CPU
		{0AE127AD-D890-470D-9BC3-3ED8C9A15EC3}.Debug|x64.ActiveCfg = Debug|Any CPU
		{0AE127AD-D890-470D-9BC3-3ED8C9A15EC3}.Debug|x64.Build.0 = Debug|Any CPU
		{0AE127AD-D890-470D-9BC3-3ED8C9A15EC3}.Debug|x86.ActiveCfg = Debug|Any CPU
		{0AE127AD-D890-470D-9BC3-3ED8C9A15EC3}.Debug|x86.Build.0 = Debug|Any CPU
		{0AE127AD-D890-470D-9BC3-3ED8C9A15EC3}.Release|Any CPU.ActiveCfg = Release|Any CPU
		{0AE127AD-D890-470D-9BC3-3ED8C9A15EC3}.Release|Any CPU.Build.0 = Release|Any CPU
		{0AE127AD-D890-470D-9BC3-3ED8C9A15EC3}.Release|x64.ActiveCfg = Release|Any CPU
		{0AE127AD-D890-470D-9BC3-3ED8C9A15EC3}.Release|x64.Build.0 = Release|Any CPU
		{0AE127AD-D890-470D-9BC3-3ED8C9A15EC3}.Release|x86.ActiveCfg = Release|Any CPU
		{0AE127AD-D890-470D-9BC3-3ED8C9A15EC3}.Release|x86.Build.0 = Release|Any CPU
		{7C3A39A8-A479-4517-B126-72F9E01EC7F1}.Debug|Any CPU.ActiveCfg = Debug|Any CPU
		{7C3A39A8-A479-4517-B126-72F9E01EC7F1}.Debug|Any CPU.Build.0 = Debug|Any CPU
		{7C3A39A8-A479-4517-B126-72F9E01EC7F1}.Debug|x64.ActiveCfg = Debug|Any CPU
		{7C3A39A8-A479-4517-B126-72F9E01EC7F1}.Debug|x64.Build.0 = Debug|Any CPU
		{7C3A39A8-A479-4517-B126-72F9E01EC7F1}.Debug|x86.ActiveCfg = Debug|Any CPU
		{7C3A39A8-A479-4517-B126-72F9E01EC7F1}.Debug|x86.Build.0 = Debug|Any CPU
		{7C3A39A8-A479-4517-B126-72F9E01EC7F1}.Release|Any CPU.ActiveCfg = Release|Any CPU
		{7C3A39A8-A479-4517-B126-72F9E01EC7F1}.Release|Any CPU.Build.0 = Release|Any CPU
		{7C3A39A8-A479-4517-B126-72F9E01EC7F1}.Release|x64.ActiveCfg = Release|Any CPU
		{7C3A39A8-A479-4517-B126-72F9E01EC7F1}.Release|x64.Build.0 = Release|Any CPU
		{7C3A39A8-A479-4517-B126-72F9E01EC7F1}.Release|x86.ActiveCfg = Release|Any CPU
		{7C3A39A8-A479-4517-B126-72F9E01EC7F1}.Release|x86.Build.0 = Release|Any CPU
		{67EE4D20-B842-47ED-9AB4-AA7C3A446AED}.Debug|Any CPU.ActiveCfg = Debug|Any CPU
		{67EE4D20-B842-47ED-9AB4-AA7C3A446AED}.Debug|Any CPU.Build.0 = Debug|Any CPU
		{67EE4D20-B842-47ED-9AB4-AA7C3A446AED}.Debug|x64.ActiveCfg = Debug|Any CPU
		{67EE4D20-B842-47ED-9AB4-AA7C3A446AED}.Debug|x64.Build.0 = Debug|Any CPU
		{67EE4D20-B842-47ED-9AB4-AA7C3A446AED}.Debug|x86.ActiveCfg = Debug|Any CPU
		{67EE4D20-B842-47ED-9AB4-AA7C3A446AED}.Debug|x86.Build.0 = Debug|Any CPU
		{67EE4D20-B842-47ED-9AB4-AA7C3A446AED}.Release|Any CPU.ActiveCfg = Release|Any CPU
		{67EE4D20-B842-47ED-9AB4-AA7C3A446AED}.Release|Any CPU.Build.0 = Release|Any CPU
		{67EE4D20-B842-47ED-9AB4-AA7C3A446AED}.Release|x64.ActiveCfg = Release|Any CPU
		{67EE4D20-B842-47ED-9AB4-AA7C3A446AED}.Release|x64.Build.0 = Release|Any CPU
		{67EE4D20-B842-47ED-9AB4-AA7C3A446AED}.Release|x86.ActiveCfg = Release|Any CPU
		{67EE4D20-B842-47ED-9AB4-AA7C3A446AED}.Release|x86.Build.0 = Release|Any CPU
		{B2B85094-1738-4085-BA19-F516EEDFF01E}.Debug|Any CPU.ActiveCfg = Debug|Any CPU
		{B2B85094-1738-4085-BA19-F516EEDFF01E}.Debug|Any CPU.Build.0 = Debug|Any CPU
		{B2B85094-1738-4085-BA19-F516EEDFF01E}.Debug|x64.ActiveCfg = Debug|Any CPU
		{B2B85094-1738-4085-BA19-F516EEDFF01E}.Debug|x64.Build.0 = Debug|Any CPU
		{B2B85094-1738-4085-BA19-F516EEDFF01E}.Debug|x86.ActiveCfg = Debug|Any CPU
		{B2B85094-1738-4085-BA19-F516EEDFF01E}.Debug|x86.Build.0 = Debug|Any CPU
		{B2B85094-1738-4085-BA19-F516EEDFF01E}.Release|Any CPU.ActiveCfg = Release|Any CPU
		{B2B85094-1738-4085-BA19-F516EEDFF01E}.Release|Any CPU.Build.0 = Release|Any CPU
		{B2B85094-1738-4085-BA19-F516EEDFF01E}.Release|x64.ActiveCfg = Release|Any CPU
		{B2B85094-1738-4085-BA19-F516EEDFF01E}.Release|x64.Build.0 = Release|Any CPU
		{B2B85094-1738-4085-BA19-F516EEDFF01E}.Release|x86.ActiveCfg = Release|Any CPU
		{B2B85094-1738-4085-BA19-F516EEDFF01E}.Release|x86.Build.0 = Release|Any CPU
		{B63878E3-3042-4E53-94AA-51765DCE8987}.Debug|Any CPU.ActiveCfg = Debug|Any CPU
		{B63878E3-3042-4E53-94AA-51765DCE8987}.Debug|Any CPU.Build.0 = Debug|Any CPU
		{B63878E3-3042-4E53-94AA-51765DCE8987}.Debug|x64.ActiveCfg = Debug|Any CPU
		{B63878E3-3042-4E53-94AA-51765DCE8987}.Debug|x64.Build.0 = Debug|Any CPU
		{B63878E3-3042-4E53-94AA-51765DCE8987}.Debug|x86.ActiveCfg = Debug|Any CPU
		{B63878E3-3042-4E53-94AA-51765DCE8987}.Debug|x86.Build.0 = Debug|Any CPU
		{B63878E3-3042-4E53-94AA-51765DCE8987}.Release|Any CPU.ActiveCfg = Release|Any CPU
		{B63878E3-3042-4E53-94AA-51765DCE8987}.Release|Any CPU.Build.0 = Release|Any CPU
		{B63878E3-3042-4E53-94AA-51765DCE8987}.Release|x64.ActiveCfg = Release|Any CPU
		{B63878E3-3042-4E53-94AA-51765DCE8987}.Release|x64.Build.0 = Release|Any CPU
		{B63878E3-3042-4E53-94AA-51765DCE8987}.Release|x86.ActiveCfg = Release|Any CPU
		{B63878E3-3042-4E53-94AA-51765DCE8987}.Release|x86.Build.0 = Release|Any CPU
		{161C66EF-EE8E-4C56-BFA4-CEBC5B6B6EF8}.Debug|Any CPU.ActiveCfg = Debug|Any CPU
		{161C66EF-EE8E-4C56-BFA4-CEBC5B6B6EF8}.Debug|Any CPU.Build.0 = Debug|Any CPU
		{161C66EF-EE8E-4C56-BFA4-CEBC5B6B6EF8}.Debug|x64.ActiveCfg = Debug|Any CPU
		{161C66EF-EE8E-4C56-BFA4-CEBC5B6B6EF8}.Debug|x64.Build.0 = Debug|Any CPU
		{161C66EF-EE8E-4C56-BFA4-CEBC5B6B6EF8}.Debug|x86.ActiveCfg = Debug|Any CPU
		{161C66EF-EE8E-4C56-BFA4-CEBC5B6B6EF8}.Debug|x86.Build.0 = Debug|Any CPU
		{161C66EF-EE8E-4C56-BFA4-CEBC5B6B6EF8}.Release|Any CPU.ActiveCfg = Release|Any CPU
		{161C66EF-EE8E-4C56-BFA4-CEBC5B6B6EF8}.Release|Any CPU.Build.0 = Release|Any CPU
		{161C66EF-EE8E-4C56-BFA4-CEBC5B6B6EF8}.Release|x64.ActiveCfg = Release|Any CPU
		{161C66EF-EE8E-4C56-BFA4-CEBC5B6B6EF8}.Release|x64.Build.0 = Release|Any CPU
		{161C66EF-EE8E-4C56-BFA4-CEBC5B6B6EF8}.Release|x86.ActiveCfg = Release|Any CPU
		{161C66EF-EE8E-4C56-BFA4-CEBC5B6B6EF8}.Release|x86.Build.0 = Release|Any CPU
		{F3266E4F-9C79-451A-AABE-C75212463E2F}.Debug|Any CPU.ActiveCfg = Debug|Any CPU
		{F3266E4F-9C79-451A-AABE-C75212463E2F}.Debug|Any CPU.Build.0 = Debug|Any CPU
		{F3266E4F-9C79-451A-AABE-C75212463E2F}.Debug|x64.ActiveCfg = Debug|Any CPU
		{F3266E4F-9C79-451A-AABE-C75212463E2F}.Debug|x64.Build.0 = Debug|Any CPU
		{F3266E4F-9C79-451A-AABE-C75212463E2F}.Debug|x86.ActiveCfg = Debug|Any CPU
		{F3266E4F-9C79-451A-AABE-C75212463E2F}.Debug|x86.Build.0 = Debug|Any CPU
		{F3266E4F-9C79-451A-AABE-C75212463E2F}.Release|Any CPU.ActiveCfg = Release|Any CPU
		{F3266E4F-9C79-451A-AABE-C75212463E2F}.Release|Any CPU.Build.0 = Release|Any CPU
		{F3266E4F-9C79-451A-AABE-C75212463E2F}.Release|x64.ActiveCfg = Release|Any CPU
		{F3266E4F-9C79-451A-AABE-C75212463E2F}.Release|x64.Build.0 = Release|Any CPU
		{F3266E4F-9C79-451A-AABE-C75212463E2F}.Release|x86.ActiveCfg = Release|Any CPU
		{F3266E4F-9C79-451A-AABE-C75212463E2F}.Release|x86.Build.0 = Release|Any CPU
	EndGlobalSection
	GlobalSection(SolutionProperties) = preSolution
		HideSolutionNode = FALSE
	EndGlobalSection
	GlobalSection(NestedProjects) = preSolution
		{2AFA4712-BBC1-4993-AC11-547F9EBCF4DD} = {D0901742-B1EE-42EE-8BB8-AEFB127207DB}
		{CBE7D14C-60C5-43CF-8D15-236ECA2B28D8} = {135870F2-EF89-43C3-ABEA-D1054D7487CD}
		{F5729984-C2AF-4CF6-BBDC-B6D16287CE64} = {135870F2-EF89-43C3-ABEA-D1054D7487CD}
		{0AE127AD-D890-470D-9BC3-3ED8C9A15EC3} = {135870F2-EF89-43C3-ABEA-D1054D7487CD}
		{7C3A39A8-A479-4517-B126-72F9E01EC7F1} = {135870F2-EF89-43C3-ABEA-D1054D7487CD}
		{67EE4D20-B842-47ED-9AB4-AA7C3A446AED} = {135870F2-EF89-43C3-ABEA-D1054D7487CD}
		{B2B85094-1738-4085-BA19-F516EEDFF01E} = {68A0535C-DE4F-45C0-A8FC-30727F13D478}
		{B63878E3-3042-4E53-94AA-51765DCE8987} = {964D7F11-636A-4396-854C-F295ADB2691D}
		{161C66EF-EE8E-4C56-BFA4-CEBC5B6B6EF8} = {135870F2-EF89-43C3-ABEA-D1054D7487CD}
		{F3266E4F-9C79-451A-AABE-C75212463E2F} = {68A0535C-DE4F-45C0-A8FC-30727F13D478}
	EndGlobalSection
	GlobalSection(ExtensibilityGlobals) = postSolution
		SolutionGuid = {390C9184-6EB3-4EEA-82EF-6CB7321EAE70}
	EndGlobalSection
EndGlobal
